// !$*UTF8*$!
{
	archiveVersion = 1;
	classes = {
	};
	objectVersion = 46;
	objects = {

/* Begin PBXBuildFile section */
		04960DE91E4BF93500D65AEB /* README.md in Sources */ = {isa = PBXBuildFile; fileRef = 04960DC11E4BF93500D65AEB /* README.md */; };
		04960DEA1E4BF93500D65AEB /* README.md in Sources */ = {isa = PBXBuildFile; fileRef = 04960DC31E4BF93500D65AEB /* README.md */; };
		04960DEB1E4BF93500D65AEB /* README.md in Sources */ = {isa = PBXBuildFile; fileRef = 04960DC51E4BF93500D65AEB /* README.md */; };
		04960DEC1E4BF93500D65AEB /* README.md in Sources */ = {isa = PBXBuildFile; fileRef = 04960DC81E4BF93500D65AEB /* README.md */; };
		04960DED1E4BF93500D65AEB /* README.md in Sources */ = {isa = PBXBuildFile; fileRef = 04960DCA1E4BF93500D65AEB /* README.md */; };
		04960DEE1E4BF93500D65AEB /* README.md in Sources */ = {isa = PBXBuildFile; fileRef = 04960DCC1E4BF93500D65AEB /* README.md */; };
		04960DEF1E4BF93500D65AEB /* README.md in Sources */ = {isa = PBXBuildFile; fileRef = 04960DCE1E4BF93500D65AEB /* README.md */; };
		04960DF01E4BF93500D65AEB /* README.md in Sources */ = {isa = PBXBuildFile; fileRef = 04960DD01E4BF93500D65AEB /* README.md */; };
		04960DF11E4BF93500D65AEB /* README.md in Sources */ = {isa = PBXBuildFile; fileRef = 04960DD31E4BF93500D65AEB /* README.md */; };
		04960DF21E4BF93500D65AEB /* README.md in Sources */ = {isa = PBXBuildFile; fileRef = 04960DD51E4BF93500D65AEB /* README.md */; };
		04960DF31E4BF93500D65AEB /* README.md in Sources */ = {isa = PBXBuildFile; fileRef = 04960DD71E4BF93500D65AEB /* README.md */; };
		04960DF41E4BF93500D65AEB /* README.md in Sources */ = {isa = PBXBuildFile; fileRef = 04960DD91E4BF93500D65AEB /* README.md */; };
		04960DF51E4BF93500D65AEB /* README.md in Sources */ = {isa = PBXBuildFile; fileRef = 04960DDC1E4BF93500D65AEB /* README.md */; };
		04960DF61E4BF93500D65AEB /* README.md in Sources */ = {isa = PBXBuildFile; fileRef = 04960DDE1E4BF93500D65AEB /* README.md */; };
		04960DF71E4BF93500D65AEB /* README.md in Sources */ = {isa = PBXBuildFile; fileRef = 04960DE01E4BF93500D65AEB /* README.md */; };
		04960DF81E4BF93500D65AEB /* README.md in Sources */ = {isa = PBXBuildFile; fileRef = 04960DE21E4BF93500D65AEB /* README.md */; };
		04960DF91E4BF93500D65AEB /* README.md in Sources */ = {isa = PBXBuildFile; fileRef = 04960DE41E4BF93500D65AEB /* README.md */; };
		04960DFA1E4BF93500D65AEB /* README.md in Sources */ = {isa = PBXBuildFile; fileRef = 04960DE61E4BF93500D65AEB /* README.md */; };
		04960DFB1E4BF93500D65AEB /* README.md in Sources */ = {isa = PBXBuildFile; fileRef = 04960DE81E4BF93500D65AEB /* README.md */; };
		04B641021E49645800389321 /* AppDelegate.swift in Sources */ = {isa = PBXBuildFile; fileRef = 04B641011E49645800389321 /* AppDelegate.swift */; };
		04B641041E49645800389321 /* ViewController.swift in Sources */ = {isa = PBXBuildFile; fileRef = 04B641031E49645800389321 /* ViewController.swift */; };
		04B641071E49645800389321 /* Main.storyboard in Resources */ = {isa = PBXBuildFile; fileRef = 04B641051E49645800389321 /* Main.storyboard */; };
		04B641091E49645800389321 /* Assets.xcassets in Resources */ = {isa = PBXBuildFile; fileRef = 04B641081E49645800389321 /* Assets.xcassets */; };
		04B6410C1E49645800389321 /* LaunchScreen.storyboard in Resources */ = {isa = PBXBuildFile; fileRef = 04B6410A1E49645800389321 /* LaunchScreen.storyboard */; };
/* End PBXBuildFile section */

/* Begin PBXFileReference section */
		04960DC01E4BF93500D65AEB /* AbstractFactory.playground */ = {isa = PBXFileReference; lastKnownFileType = file.playground; path = AbstractFactory.playground; sourceTree = "<group>"; };
		04960DC11E4BF93500D65AEB /* README.md */ = {isa = PBXFileReference; fileEncoding = 4; lastKnownFileType = net.daringfireball.markdown; path = README.md; sourceTree = "<group>"; };
		04960DC31E4BF93500D65AEB /* README.md */ = {isa = PBXFileReference; fileEncoding = 4; lastKnownFileType = net.daringfireball.markdown; path = README.md; sourceTree = "<group>"; };
		04960DC51E4BF93500D65AEB /* README.md */ = {isa = PBXFileReference; fileEncoding = 4; lastKnownFileType = net.daringfireball.markdown; path = README.md; sourceTree = "<group>"; };
		04960DC71E4BF93500D65AEB /* Builder.playground */ = {isa = PBXFileReference; lastKnownFileType = file.playground; path = Builder.playground; sourceTree = "<group>"; };
		04960DC81E4BF93500D65AEB /* README.md */ = {isa = PBXFileReference; fileEncoding = 4; lastKnownFileType = net.daringfireball.markdown; path = README.md; sourceTree = "<group>"; };
		04960DCA1E4BF93500D65AEB /* README.md */ = {isa = PBXFileReference; fileEncoding = 4; lastKnownFileType = net.daringfireball.markdown; path = README.md; sourceTree = "<group>"; };
		04960DCC1E4BF93500D65AEB /* README.md */ = {isa = PBXFileReference; fileEncoding = 4; lastKnownFileType = net.daringfireball.markdown; path = README.md; sourceTree = "<group>"; };
		04960DCE1E4BF93500D65AEB /* README.md */ = {isa = PBXFileReference; fileEncoding = 4; lastKnownFileType = net.daringfireball.markdown; path = README.md; sourceTree = "<group>"; };
		04960DD01E4BF93500D65AEB /* README.md */ = {isa = PBXFileReference; fileEncoding = 4; lastKnownFileType = net.daringfireball.markdown; path = README.md; sourceTree = "<group>"; };
		04960DD21E4BF93500D65AEB /* FactoryMethod.playground */ = {isa = PBXFileReference; lastKnownFileType = file.playground; path = FactoryMethod.playground; sourceTree = "<group>"; };
		04960DD31E4BF93500D65AEB /* README.md */ = {isa = PBXFileReference; fileEncoding = 4; lastKnownFileType = net.daringfireball.markdown; path = README.md; sourceTree = "<group>"; };
		04960DD51E4BF93500D65AEB /* README.md */ = {isa = PBXFileReference; fileEncoding = 4; lastKnownFileType = net.daringfireball.markdown; path = README.md; sourceTree = "<group>"; };
		04960DD71E4BF93500D65AEB /* README.md */ = {isa = PBXFileReference; fileEncoding = 4; lastKnownFileType = net.daringfireball.markdown; path = README.md; sourceTree = "<group>"; };
		04960DD91E4BF93500D65AEB /* README.md */ = {isa = PBXFileReference; fileEncoding = 4; lastKnownFileType = net.daringfireball.markdown; path = README.md; sourceTree = "<group>"; };
		04960DDB1E4BF93500D65AEB /* Mediator.playground */ = {isa = PBXFileReference; lastKnownFileType = file.playground; path = Mediator.playground; sourceTree = "<group>"; };
		04960DDC1E4BF93500D65AEB /* README.md */ = {isa = PBXFileReference; fileEncoding = 4; lastKnownFileType = net.daringfireball.markdown; path = README.md; sourceTree = "<group>"; };
		04960DDE1E4BF93500D65AEB /* README.md */ = {isa = PBXFileReference; fileEncoding = 4; lastKnownFileType = net.daringfireball.markdown; path = README.md; sourceTree = "<group>"; };
		04960DE01E4BF93500D65AEB /* README.md */ = {isa = PBXFileReference; fileEncoding = 4; lastKnownFileType = net.daringfireball.markdown; path = README.md; sourceTree = "<group>"; };
		04960DE21E4BF93500D65AEB /* README.md */ = {isa = PBXFileReference; fileEncoding = 4; lastKnownFileType = net.daringfireball.markdown; path = README.md; sourceTree = "<group>"; };
		04960DE41E4BF93500D65AEB /* README.md */ = {isa = PBXFileReference; fileEncoding = 4; lastKnownFileType = net.daringfireball.markdown; path = README.md; sourceTree = "<group>"; };
		04960DE61E4BF93500D65AEB /* README.md */ = {isa = PBXFileReference; fileEncoding = 4; lastKnownFileType = net.daringfireball.markdown; path = README.md; sourceTree = "<group>"; };
		04960DE81E4BF93500D65AEB /* README.md */ = {isa = PBXFileReference; fileEncoding = 4; lastKnownFileType = net.daringfireball.markdown; path = README.md; sourceTree = "<group>"; };
		04960DFC1E4BFA0900D65AEB /* Adapter.playground */ = {isa = PBXFileReference; lastKnownFileType = file.playground; path = Adapter.playground; sourceTree = "<group>"; };
		04B640FE1E49645800389321 /* Design Pattern.app */ = {isa = PBXFileReference; explicitFileType = wrapper.application; includeInIndex = 0; path = "Design Pattern.app"; sourceTree = BUILT_PRODUCTS_DIR; };
		04B641011E49645800389321 /* AppDelegate.swift */ = {isa = PBXFileReference; lastKnownFileType = sourcecode.swift; path = AppDelegate.swift; sourceTree = "<group>"; };
		04B641031E49645800389321 /* ViewController.swift */ = {isa = PBXFileReference; lastKnownFileType = sourcecode.swift; path = ViewController.swift; sourceTree = "<group>"; };
		04B641061E49645800389321 /* Base */ = {isa = PBXFileReference; lastKnownFileType = file.storyboard; name = Base; path = Base.lproj/Main.storyboard; sourceTree = "<group>"; };
		04B641081E49645800389321 /* Assets.xcassets */ = {isa = PBXFileReference; lastKnownFileType = folder.assetcatalog; path = Assets.xcassets; sourceTree = "<group>"; };
		04B6410B1E49645800389321 /* Base */ = {isa = PBXFileReference; lastKnownFileType = file.storyboard; name = Base; path = Base.lproj/LaunchScreen.storyboard; sourceTree = "<group>"; };
		04B6410D1E49645800389321 /* Info.plist */ = {isa = PBXFileReference; lastKnownFileType = text.plist.xml; path = Info.plist; sourceTree = "<group>"; };
		04F0558A1E49996D00651162 /* Main.playground */ = {isa = PBXFileReference; lastKnownFileType = file.playground; path = Main.playground; sourceTree = "<group>"; };
/* End PBXFileReference section */

/* Begin PBXFrameworksBuildPhase section */
		04B640FB1E49645700389321 /* Frameworks */ = {
			isa = PBXFrameworksBuildPhase;
			buildActionMask = 2147483647;
			files = (
			);
			runOnlyForDeploymentPostprocessing = 0;
		};
/* End PBXFrameworksBuildPhase section */

/* Begin PBXGroup section */
		04960DBF1E4BF93500D65AEB /* AbstractFactory */ = {
			isa = PBXGroup;
			children = (
				04960DC01E4BF93500D65AEB /* AbstractFactory.playground */,
				04960DC11E4BF93500D65AEB /* README.md */,
			);
			path = AbstractFactory;
			sourceTree = "<group>";
		};
		04960DC21E4BF93500D65AEB /* Adapter */ = {
			isa = PBXGroup;
			children = (
				04960DC31E4BF93500D65AEB /* README.md */,
				04960DFC1E4BFA0900D65AEB /* Adapter.playground */,
			);
			path = Adapter;
			sourceTree = "<group>";
		};
		04960DC41E4BF93500D65AEB /* Bridge */ = {
			isa = PBXGroup;
			children = (
				04960DC51E4BF93500D65AEB /* README.md */,
			);
			path = Bridge;
			sourceTree = "<group>";
		};
		04960DC61E4BF93500D65AEB /* Builder */ = {
			isa = PBXGroup;
			children = (
				04960DC71E4BF93500D65AEB /* Builder.playground */,
				04960DC81E4BF93500D65AEB /* README.md */,
			);
			path = Builder;
			sourceTree = "<group>";
		};
		04960DC91E4BF93500D65AEB /* Command */ = {
			isa = PBXGroup;
			children = (
				04960DCA1E4BF93500D65AEB /* README.md */,
			);
			path = Command;
			sourceTree = "<group>";
		};
		04960DCB1E4BF93500D65AEB /* Composite */ = {
			isa = PBXGroup;
			children = (
				04960DCC1E4BF93500D65AEB /* README.md */,
			);
			path = Composite;
			sourceTree = "<group>";
		};
		04960DCD1E4BF93500D65AEB /* Decorator */ = {
			isa = PBXGroup;
			children = (
				04960DCE1E4BF93500D65AEB /* README.md */,
			);
			path = Decorator;
			sourceTree = "<group>";
		};
		04960DCF1E4BF93500D65AEB /* Facade */ = {
			isa = PBXGroup;
			children = (
				04960DD01E4BF93500D65AEB /* README.md */,
			);
			path = Facade;
			sourceTree = "<group>";
		};
		04960DD11E4BF93500D65AEB /* FactoryMethod */ = {
			isa = PBXGroup;
			children = (
				04960DD21E4BF93500D65AEB /* FactoryMethod.playground */,
				04960DD31E4BF93500D65AEB /* README.md */,
			);
			path = FactoryMethod;
			sourceTree = "<group>";
		};
		04960DD41E4BF93500D65AEB /* Flyweight */ = {
			isa = PBXGroup;
			children = (
				04960DD51E4BF93500D65AEB /* README.md */,
			);
			path = Flyweight;
			sourceTree = "<group>";
		};
		04960DD61E4BF93500D65AEB /* Interpreter */ = {
			isa = PBXGroup;
			children = (
				04960DD71E4BF93500D65AEB /* README.md */,
			);
			path = Interpreter;
			sourceTree = "<group>";
		};
		04960DD81E4BF93500D65AEB /* Iterator */ = {
			isa = PBXGroup;
			children = (
				04960DD91E4BF93500D65AEB /* README.md */,
			);
			path = Iterator;
			sourceTree = "<group>";
		};
		04960DDA1E4BF93500D65AEB /* Mediator */ = {
			isa = PBXGroup;
			children = (
				04960DDB1E4BF93500D65AEB /* Mediator.playground */,
				04960DDC1E4BF93500D65AEB /* README.md */,
			);
			path = Mediator;
			sourceTree = "<group>";
		};
		04960DDD1E4BF93500D65AEB /* Memento */ = {
			isa = PBXGroup;
			children = (
				04960DDE1E4BF93500D65AEB /* README.md */,
			);
			path = Memento;
			sourceTree = "<group>";
		};
		04960DDF1E4BF93500D65AEB /* Observer */ = {
			isa = PBXGroup;
			children = (
				04960DE01E4BF93500D65AEB /* README.md */,
			);
			path = Observer;
			sourceTree = "<group>";
		};
		04960DE11E4BF93500D65AEB /* Prototype */ = {
			isa = PBXGroup;
			children = (
				04960DE21E4BF93500D65AEB /* README.md */,
			);
			path = Prototype;
			sourceTree = "<group>";
		};
		04960DE31E4BF93500D65AEB /* Proxy */ = {
			isa = PBXGroup;
			children = (
				04960DE41E4BF93500D65AEB /* README.md */,
			);
			path = Proxy;
			sourceTree = "<group>";
		};
		04960DE51E4BF93500D65AEB /* State */ = {
			isa = PBXGroup;
			children = (
				04960DE61E4BF93500D65AEB /* README.md */,
			);
			path = State;
			sourceTree = "<group>";
		};
		04960DE71E4BF93500D65AEB /* Strategy */ = {
			isa = PBXGroup;
			children = (
				04960DE81E4BF93500D65AEB /* README.md */,
			);
			path = Strategy;
			sourceTree = "<group>";
		};
		04B640F51E49645700389321 = {
			isa = PBXGroup;
			children = (
				04B641001E49645800389321 /* Design Pattern */,
				04B640FF1E49645800389321 /* Products */,
			);
			sourceTree = "<group>";
		};
		04B640FF1E49645800389321 /* Products */ = {
			isa = PBXGroup;
			children = (
				04B640FE1E49645800389321 /* Design Pattern.app */,
			);
			name = Products;
			sourceTree = "<group>";
		};
		04B641001E49645800389321 /* Design Pattern */ = {
			isa = PBXGroup;
			children = (
				04960DBF1E4BF93500D65AEB /* AbstractFactory */,
				04960DC21E4BF93500D65AEB /* Adapter */,
				04960DC41E4BF93500D65AEB /* Bridge */,
				04960DC61E4BF93500D65AEB /* Builder */,
				04960DC91E4BF93500D65AEB /* Command */,
				04960DCB1E4BF93500D65AEB /* Composite */,
				04960DCD1E4BF93500D65AEB /* Decorator */,
				04960DCF1E4BF93500D65AEB /* Facade */,
				04960DD11E4BF93500D65AEB /* FactoryMethod */,
				04960DD41E4BF93500D65AEB /* Flyweight */,
				04960DD61E4BF93500D65AEB /* Interpreter */,
				04960DD81E4BF93500D65AEB /* Iterator */,
				04960DDA1E4BF93500D65AEB /* Mediator */,
				04960DDD1E4BF93500D65AEB /* Memento */,
				04960DDF1E4BF93500D65AEB /* Observer */,
				04960DE11E4BF93500D65AEB /* Prototype */,
				04960DE31E4BF93500D65AEB /* Proxy */,
				04960DE51E4BF93500D65AEB /* State */,
				04960DE71E4BF93500D65AEB /* Strategy */,
				04B641011E49645800389321 /* AppDelegate.swift */,
				04B641031E49645800389321 /* ViewController.swift */,
				04B641051E49645800389321 /* Main.storyboard */,
				04F0558A1E49996D00651162 /* Main.playground */,
				04B641081E49645800389321 /* Assets.xcassets */,
				04B6410A1E49645800389321 /* LaunchScreen.storyboard */,
				04B6410D1E49645800389321 /* Info.plist */,
			);
			path = "Design Pattern";
			sourceTree = "<group>";
		};
/* End PBXGroup section */

/* Begin PBXNativeTarget section */
		04B640FD1E49645700389321 /* Design Pattern */ = {
			isa = PBXNativeTarget;
			buildConfigurationList = 04B641101E49645800389321 /* Build configuration list for PBXNativeTarget "Design Pattern" */;
			buildPhases = (
				04B640FA1E49645700389321 /* Sources */,
				04B640FB1E49645700389321 /* Frameworks */,
				04B640FC1E49645700389321 /* Resources */,
			);
			buildRules = (
			);
			dependencies = (
			);
			name = "Design Pattern";
			productName = "Design Pattern";
			productReference = 04B640FE1E49645800389321 /* Design Pattern.app */;
			productType = "com.apple.product-type.application";
		};
/* End PBXNativeTarget section */

/* Begin PBXProject section */
		04B640F61E49645700389321 /* Project object */ = {
			isa = PBXProject;
			attributes = {
				LastSwiftUpdateCheck = 0800;
				LastUpgradeCheck = 0800;
				ORGANIZATIONNAME = hujewelz;
				TargetAttributes = {
					04B640FD1E49645700389321 = {
						CreatedOnToolsVersion = 8.0;
						DevelopmentTeam = UA8U3Z7XU4;
						ProvisioningStyle = Automatic;
					};
				};
			};
			buildConfigurationList = 04B640F91E49645700389321 /* Build configuration list for PBXProject "Design Pattern" */;
			compatibilityVersion = "Xcode 3.2";
			developmentRegion = English;
			hasScannedForEncodings = 0;
			knownRegions = (
				en,
				Base,
			);
			mainGroup = 04B640F51E49645700389321;
			productRefGroup = 04B640FF1E49645800389321 /* Products */;
			projectDirPath = "";
			projectRoot = "";
			targets = (
				04B640FD1E49645700389321 /* Design Pattern */,
			);
		};
/* End PBXProject section */

/* Begin PBXResourcesBuildPhase section */
		04B640FC1E49645700389321 /* Resources */ = {
			isa = PBXResourcesBuildPhase;
			buildActionMask = 2147483647;
			files = (
				04B6410C1E49645800389321 /* LaunchScreen.storyboard in Resources */,
				04B641091E49645800389321 /* Assets.xcassets in Resources */,
				04B641071E49645800389321 /* Main.storyboard in Resources */,
			);
			runOnlyForDeploymentPostprocessing = 0;
		};
/* End PBXResourcesBuildPhase section */

/* Begin PBXSourcesBuildPhase section */
		04B640FA1E49645700389321 /* Sources */ = {
			isa = PBXSourcesBuildPhase;
			buildActionMask = 2147483647;
			files = (
				04960DEC1E4BF93500D65AEB /* README.md in Sources */,
				04960DE91E4BF93500D65AEB /* README.md in Sources */,
				04960DFA1E4BF93500D65AEB /* README.md in Sources */,
				04960DFB1E4BF93500D65AEB /* README.md in Sources */,
				04960DF01E4BF93500D65AEB /* README.md in Sources */,
				04B641041E49645800389321 /* ViewController.swift in Sources */,
				04960DF31E4BF93500D65AEB /* README.md in Sources */,
				04960DED1E4BF93500D65AEB /* README.md in Sources */,
				04960DF81E4BF93500D65AEB /* README.md in Sources */,
				04960DF61E4BF93500D65AEB /* README.md in Sources */,
				04960DEB1E4BF93500D65AEB /* README.md in Sources */,
				04960DF21E4BF93500D65AEB /* README.md in Sources */,
				04960DEA1E4BF93500D65AEB /* README.md in Sources */,
				04960DEF1E4BF93500D65AEB /* README.md in Sources */,
				04960DF71E4BF93500D65AEB /* README.md in Sources */,
				04960DF91E4BF93500D65AEB /* README.md in Sources */,
				04960DF41E4BF93500D65AEB /* README.md in Sources */,
				04960DEE1E4BF93500D65AEB /* README.md in Sources */,
				04960DF51E4BF93500D65AEB /* README.md in Sources */,
				04960DF11E4BF93500D65AEB /* README.md in Sources */,
				04B641021E49645800389321 /* AppDelegate.swift in Sources */,
			);
			runOnlyForDeploymentPostprocessing = 0;
		};
/* End PBXSourcesBuildPhase section */

/* Begin PBXVariantGroup section */
		04B641051E49645800389321 /* Main.storyboard */ = {
			isa = PBXVariantGroup;
			children = (
				04B641061E49645800389321 /* Base */,
			);
			name = Main.storyboard;
			sourceTree = "<group>";
		};
		04B6410A1E49645800389321 /* LaunchScreen.storyboard */ = {
			isa = PBXVariantGroup;
			children = (
				04B6410B1E49645800389321 /* Base */,
			);
			name = LaunchScreen.storyboard;
			sourceTree = "<group>";
		};
/* End PBXVariantGroup section */

/* Begin XCBuildConfiguration section */
		04B6410E1E49645800389321 /* Debug */ = {
			isa = XCBuildConfiguration;
			buildSettings = {
				ALWAYS_SEARCH_USER_PATHS = NO;
				CLANG_ANALYZER_NONNULL = YES;
				CLANG_CXX_LANGUAGE_STANDARD = "gnu++0x";
				CLANG_CXX_LIBRARY = "libc++";
				CLANG_ENABLE_MODULES = YES;
				CLANG_ENABLE_OBJC_ARC = YES;
				CLANG_WARN_BOOL_CONVERSION = YES;
				CLANG_WARN_CONSTANT_CONVERSION = YES;
				CLANG_WARN_DIRECT_OBJC_ISA_USAGE = YES_ERROR;
				CLANG_WARN_DOCUMENTATION_COMMENTS = YES;
				CLANG_WARN_EMPTY_BODY = YES;
				CLANG_WARN_ENUM_CONVERSION = YES;
				CLANG_WARN_INFINITE_RECURSION = YES;
				CLANG_WARN_INT_CONVERSION = YES;
				CLANG_WARN_OBJC_ROOT_CLASS = YES_ERROR;
				CLANG_WARN_SUSPICIOUS_MOVES = YES;
				CLANG_WARN_UNREACHABLE_CODE = YES;
				CLANG_WARN__DUPLICATE_METHOD_MATCH = YES;
				"CODE_SIGN_IDENTITY[sdk=iphoneos*]" = "iPhone Developer";
				COPY_PHASE_STRIP = NO;
				DEBUG_INFORMATION_FORMAT = dwarf;
				ENABLE_STRICT_OBJC_MSGSEND = YES;
				ENABLE_TESTABILITY = YES;
				GCC_C_LANGUAGE_STANDARD = gnu99;
				GCC_DYNAMIC_NO_PIC = NO;
				GCC_NO_COMMON_BLOCKS = YES;
				GCC_OPTIMIZATION_LEVEL = 0;
				GCC_PREPROCESSOR_DEFINITIONS = (
					"DEBUG=1",
					"$(inherited)",
				);
				GCC_WARN_64_TO_32_BIT_CONVERSION = YES;
				GCC_WARN_ABOUT_RETURN_TYPE = YES_ERROR;
				GCC_WARN_UNDECLARED_SELECTOR = YES;
				GCC_WARN_UNINITIALIZED_AUTOS = YES_AGGRESSIVE;
				GCC_WARN_UNUSED_FUNCTION = YES;
				GCC_WARN_UNUSED_VARIABLE = YES;
				IPHONEOS_DEPLOYMENT_TARGET = 10.0;
				MTL_ENABLE_DEBUG_INFO = YES;
				ONLY_ACTIVE_ARCH = YES;
				SDKROOT = iphoneos;
				SWIFT_ACTIVE_COMPILATION_CONDITIONS = DEBUG;
				SWIFT_OPTIMIZATION_LEVEL = "-Onone";
			};
			name = Debug;
		};
		04B6410F1E49645800389321 /* Release */ = {
			isa = XCBuildConfiguration;
			buildSettings = {
				ALWAYS_SEARCH_USER_PATHS = NO;
				CLANG_ANALYZER_NONNULL = YES;
				CLANG_CXX_LANGUAGE_STANDARD = "gnu++0x";
				CLANG_CXX_LIBRARY = "libc++";
				CLANG_ENABLE_MODULES = YES;
				CLANG_ENABLE_OBJC_ARC = YES;
				CLANG_WARN_BOOL_CONVERSION = YES;
				CLANG_WARN_CONSTANT_CONVERSION = YES;
				CLANG_WARN_DIRECT_OBJC_ISA_USAGE = YES_ERROR;
				CLANG_WARN_DOCUMENTATION_COMMENTS = YES;
				CLANG_WARN_EMPTY_BODY = YES;
				CLANG_WARN_ENUM_CONVERSION = YES;
				CLANG_WARN_INFINITE_RECURSION = YES;
				CLANG_WARN_INT_CONVERSION = YES;
				CLANG_WARN_OBJC_ROOT_CLASS = YES_ERROR;
				CLANG_WARN_SUSPICIOUS_MOVES = YES;
				CLANG_WARN_UNREACHABLE_CODE = YES;
				CLANG_WARN__DUPLICATE_METHOD_MATCH = YES;
				"CODE_SIGN_IDENTITY[sdk=iphoneos*]" = "iPhone Developer";
				COPY_PHASE_STRIP = NO;
				DEBUG_INFORMATION_FORMAT = "dwarf-with-dsym";
				ENABLE_NS_ASSERTIONS = NO;
				ENABLE_STRICT_OBJC_MSGSEND = YES;
				GCC_C_LANGUAGE_STANDARD = gnu99;
				GCC_NO_COMMON_BLOCKS = YES;
				GCC_WARN_64_TO_32_BIT_CONVERSION = YES;
				GCC_WARN_ABOUT_RETURN_TYPE = YES_ERROR;
				GCC_WARN_UNDECLARED_SELECTOR = YES;
				GCC_WARN_UNINITIALIZED_AUTOS = YES_AGGRESSIVE;
				GCC_WARN_UNUSED_FUNCTION = YES;
				GCC_WARN_UNUSED_VARIABLE = YES;
				IPHONEOS_DEPLOYMENT_TARGET = 10.0;
				MTL_ENABLE_DEBUG_INFO = NO;
				SDKROOT = iphoneos;
				SWIFT_OPTIMIZATION_LEVEL = "-Owholemodule";
				VALIDATE_PRODUCT = YES;
			};
			name = Release;
		};
		04B641111E49645800389321 /* Debug */ = {
			isa = XCBuildConfiguration;
			buildSettings = {
				ASSETCATALOG_COMPILER_APPICON_NAME = AppIcon;
				DEVELOPMENT_TEAM = UA8U3Z7XU4;
				INFOPLIST_FILE = "Design Pattern/Info.plist";
				LD_RUNPATH_SEARCH_PATHS = "$(inherited) @executable_path/Frameworks";
				PRODUCT_BUNDLE_IDENTIFIER = "com.hujewelz.Design-Pattern";
				PRODUCT_NAME = "$(TARGET_NAME)";
				SWIFT_VERSION = 3.0;
			};
			name = Debug;
		};
		04B641121E49645800389321 /* Release */ = {
			isa = XCBuildConfiguration;
			buildSettings = {
				ASSETCATALOG_COMPILER_APPICON_NAME = AppIcon;
				DEVELOPMENT_TEAM = UA8U3Z7XU4;
				INFOPLIST_FILE = "Design Pattern/Info.plist";
				LD_RUNPATH_SEARCH_PATHS = "$(inherited) @executable_path/Frameworks";
				PRODUCT_BUNDLE_IDENTIFIER = "com.hujewelz.Design-Pattern";
				PRODUCT_NAME = "$(TARGET_NAME)";
				SWIFT_VERSION = 3.0;
			};
			name = Release;
		};
/* End XCBuildConfiguration section */

/* Begin XCConfigurationList section */
		04B640F91E49645700389321 /* Build configuration list for PBXProject "Design Pattern" */ = {
			isa = XCConfigurationList;
			buildConfigurations = (
				04B6410E1E49645800389321 /* Debug */,
				04B6410F1E49645800389321 /* Release */,
			);
			defaultConfigurationIsVisible = 0;
			defaultConfigurationName = Release;
		};
		04B641101E49645800389321 /* Build configuration list for PBXNativeTarget "Design Pattern" */ = {
			isa = XCConfigurationList;
			buildConfigurations = (
				04B641111E49645800389321 /* Debug */,
				04B641121E49645800389321 /* Release */,
			);
			defaultConfigurationIsVisible = 0;
			defaultConfigurationName = Release;
		};
/* End XCConfigurationList section */
	};
	rootObject = 04B640F61E49645700389321 /* Project object */;
}
